
Microsoft Visual Studio Solution File, Format Version 12.00
# Visual Studio Version 17
VisualStudioVersion = 17.5.2.0
MinimumVisualStudioVersion = 10.0.40219.1
Project("{2150E333-8FDC-42A3-9474-1A3956D46DE8}") = "src", "src", "{827E0CD3-B72D-47B6-A68D-7590B98EB39B}"
EndProject
Project("{2150E333-8FDC-42A3-9474-1A3956D46DE8}") = "Core", "Core", "{8D626EA8-CB54-BC41-363A-217881BEBA6E}"
EndProject
Project("{FAE04EC0-301F-11D3-BF4B-00C04F79EFBC}") = "CodeMeridian.Core", "src\Core\CodeMeridian.Core.csproj", "{4492E15F-0694-99B9-4B8A-F25E0473C0EC}"
EndProject
Project("{2150E333-8FDC-42A3-9474-1A3956D46DE8}") = "Application", "Application", "{22BAF98C-8415-17C4-B26A-D537657BC863}"
EndProject
Project("{FAE04EC0-301F-11D3-BF4B-00C04F79EFBC}") = "CodeMeridian.Application", "src\Application\CodeMeridian.Application.csproj", "{61848853-0EDF-4CA2-AD88-75EACA64A26A}"
EndProject
Project("{2150E333-8FDC-42A3-9474-1A3956D46DE8}") = "Infrastructure", "Infrastructure", "{9048EB7F-3875-A59E-E36B-5BD4C6F2A282}"
EndProject
Project("{FAE04EC0-301F-11D3-BF4B-00C04F79EFBC}") = "CodeMeridian.Infrastructure", "src\Infrastructure\CodeMeridian.Infrastructure.csproj", "{6C817F79-CEC2-4D58-8D74-2412941C66D7}"
EndProject
Project("{2150E333-8FDC-42A3-9474-1A3956D46DE8}") = "McpServer", "McpServer", "{AF7AF2CD-9104-19EE-A226-75025099E032}"
EndProject
Project("{FAE04EC0-301F-11D3-BF4B-00C04F79EFBC}") = "CodeMeridian.McpServer", "src\McpServer\CodeMeridian.McpServer.csproj", "{6E0F1811-A752-478E-97A0-7511CBFBE478}"
EndProject
Project("{2150E333-8FDC-42A3-9474-1A3956D46DE8}") = "Sdk", "Sdk", "{51B637F8-9C04-5803-F48E-8CB9352021B0}"
EndProject
Project("{FAE04EC0-301F-11D3-BF4B-00C04F79EFBC}") = "CodeMeridian.Sdk", "src\Sdk\CodeMeridian.Sdk.csproj", "{3D9D02A2-15A0-49A6-946A-D0F037796090}"
EndProject
Project("{2150E333-8FDC-42A3-9474-1A3956D46DE8}") = "tools", "tools", "{07C2787E-EAC7-C090-1BA3-A61EC2A24D84}"
EndProject
Project("{2150E333-8FDC-42A3-9474-1A3956D46DE8}") = "Indexer", "Indexer", "{6A13FA0C-B691-34A7-4688-DE9C8ED8C8C8}"
EndProject
Project("{FAE04EC0-301F-11D3-BF4B-00C04F79EFBC}") = "CodeMeridian.Indexer", "tools\Indexer\CodeMeridian.Indexer.csproj", "{10B58758-E9B9-4FC2-B1CC-F47FDEF35EB1}"
EndProject
Project("{2150E333-8FDC-42A3-9474-1A3956D46DE8}") = "tests", "tests", "{0AB3BF05-4346-4AA6-1389-037BE0695223}"
EndProject
Project("{FAE04EC0-301F-11D3-BF4B-00C04F79EFBC}") = "CodeMeridian.Core.Tests", "tests\CodeMeridian.Core.Tests\CodeMeridian.Core.Tests.csproj", "{9776C8A6-A7E8-4308-8416-6102615215EB}"
EndProject
Project("{FAE04EC0-301F-11D3-BF4B-00C04F79EFBC}") = "CodeMeridian.Application.Tests", "tests\CodeMeridian.Application.Tests\CodeMeridian.Application.Tests.csproj", "{1EB6ADF1-93B5-44DF-A883-0F999D26068C}"
EndProject
Project("{2150E333-8FDC-42A3-9474-1A3956D46DE8}") = "IndexerAll", "IndexerAll", "{C3EBCCAA-2D79-A610-D579-C0A3E658D679}"
EndProject
Project("{FAE04EC0-301F-11D3-BF4B-00C04F79EFBC}") = "CodeMeridian.IndexerAll", "tools\IndexerAll\CodeMeridian.IndexerAll.csproj", "{EA99BA9A-3C43-4DC3-B173-44A0A5F7CCED}"
EndProject
Global
	GlobalSection(SolutionConfigurationPlatforms) = preSolution
		Debug|Any CPU = Debug|Any CPU
		Debug|x64 = Debug|x64
		Debug|x86 = Debug|x86
		Release|Any CPU = Release|Any CPU
		Release|x64 = Release|x64
		Release|x86 = Release|x86
	EndGlobalSection
	GlobalSection(ProjectConfigurationPlatforms) = postSolution
		{4492E15F-0694-99B9-4B8A-F25E0473C0EC}.Debug|Any CPU.ActiveCfg = Debug|Any CPU
		{4492E15F-0694-99B9-4B8A-F25E0473C0EC}.Debug|Any CPU.Build.0 = Debug|Any CPU
		{4492E15F-0694-99B9-4B8A-F25E0473C0EC}.Debug|x64.ActiveCfg = Debug|Any CPU
		{4492E15F-0694-99B9-4B8A-F25E0473C0EC}.Debug|x64.Build.0 = Debug|Any CPU
		{4492E15F-0694-99B9-4B8A-F25E0473C0EC}.Debug|x86.ActiveCfg = Debug|Any CPU
		{4492E15F-0694-99B9-4B8A-F25E0473C0EC}.Debug|x86.Build.0 = Debug|Any CPU
		{4492E15F-0694-99B9-4B8A-F25E0473C0EC}.Release|Any CPU.ActiveCfg = Release|Any CPU
		{4492E15F-0694-99B9-4B8A-F25E0473C0EC}.Release|Any CPU.Build.0 = Release|Any CPU
		{4492E15F-0694-99B9-4B8A-F25E0473C0EC}.Release|x64.ActiveCfg = Release|Any CPU
		{4492E15F-0694-99B9-4B8A-F25E0473C0EC}.Release|x64.Build.0 = Release|Any CPU
		{4492E15F-0694-99B9-4B8A-F25E0473C0EC}.Release|x86.ActiveCfg = Release|Any CPU
		{4492E15F-0694-99B9-4B8A-F25E0473C0EC}.Release|x86.Build.0 = Release|Any CPU
		{61848853-0EDF-4CA2-AD88-75EACA64A26A}.Debug|Any CPU.ActiveCfg = Debug|Any CPU
		{61848853-0EDF-4CA2-AD88-75EACA64A26A}.Debug|Any CPU.Build.0 = Debug|Any CPU
		{61848853-0EDF-4CA2-AD88-75EACA64A26A}.Debug|x64.ActiveCfg = Debug|Any CPU
		{61848853-0EDF-4CA2-AD88-75EACA64A26A}.Debug|x64.Build.0 = Debug|Any CPU
		{61848853-0EDF-4CA2-AD88-75EACA64A26A}.Debug|x86.ActiveCfg = Debug|Any CPU
		{61848853-0EDF-4CA2-AD88-75EACA64A26A}.Debug|x86.Build.0 = Debug|Any CPU
		{61848853-0EDF-4CA2-AD88-75EACA64A26A}.Release|Any CPU.ActiveCfg = Release|Any CPU
		{61848853-0EDF-4CA2-AD88-75EACA64A26A}.Release|Any CPU.Build.0 = Release|Any CPU
		{61848853-0EDF-4CA2-AD88-75EACA64A26A}.Release|x64.ActiveCfg = Release|Any CPU
		{61848853-0EDF-4CA2-AD88-75EACA64A26A}.Release|x64.Build.0 = Release|Any CPU
		{61848853-0EDF-4CA2-AD88-75EACA64A26A}.Release|x86.ActiveCfg = Release|Any CPU
		{61848853-0EDF-4CA2-AD88-75EACA64A26A}.Release|x86.Build.0 = Release|Any CPU
		{6C817F79-CEC2-4D58-8D74-2412941C66D7}.Debug|Any CPU.ActiveCfg = Debug|Any CPU
		{6C817F79-CEC2-4D58-8D74-2412941C66D7}.Debug|Any CPU.Build.0 = Debug|Any CPU
		{6C817F79-CEC2-4D58-8D74-2412941C66D7}.Debug|x64.ActiveCfg = Debug|Any CPU
		{6C817F79-CEC2-4D58-8D74-2412941C66D7}.Debug|x64.Build.0 = Debug|Any CPU
		{6C817F79-CEC2-4D58-8D74-2412941C66D7}.Debug|x86.ActiveCfg = Debug|Any CPU
		{6C817F79-CEC2-4D58-8D74-2412941C66D7}.Debug|x86.Build.0 = Debug|Any CPU
		{6C817F79-CEC2-4D58-8D74-2412941C66D7}.Release|Any CPU.ActiveCfg = Release|Any CPU
		{6C817F79-CEC2-4D58-8D74-2412941C66D7}.Release|Any CPU.Build.0 = Release|Any CPU
		{6C817F79-CEC2-4D58-8D74-2412941C66D7}.Release|x64.ActiveCfg = Release|Any CPU
		{6C817F79-CEC2-4D58-8D74-2412941C66D7}.Release|x64.Build.0 = Release|Any CPU
		{6C817F79-CEC2-4D58-8D74-2412941C66D7}.Release|x86.ActiveCfg = Release|Any CPU
		{6C817F79-CEC2-4D58-8D74-2412941C66D7}.Release|x86.Build.0 = Release|Any CPU
		{6E0F1811-A752-478E-97A0-7511CBFBE478}.Debug|Any CPU.ActiveCfg = Debug|Any CPU
		{6E0F1811-A752-478E-97A0-7511CBFBE478}.Debug|Any CPU.Build.0 = Debug|Any CPU
		{6E0F1811-A752-478E-97A0-7511CBFBE478}.Debug|x64.ActiveCfg = Debug|Any CPU
		{6E0F1811-A752-478E-97A0-7511CBFBE478}.Debug|x64.Build.0 = Debug|Any CPU
		{6E0F1811-A752-478E-97A0-7511CBFBE478}.Debug|x86.ActiveCfg = Debug|Any CPU
		{6E0F1811-A752-478E-97A0-7511CBFBE478}.Debug|x86.Build.0 = Debug|Any CPU
		{6E0F1811-A752-478E-97A0-7511CBFBE478}.Release|Any CPU.ActiveCfg = Release|Any CPU
		{6E0F1811-A752-478E-97A0-7511CBFBE478}.Release|Any CPU.Build.0 = Release|Any CPU
		{6E0F1811-A752-478E-97A0-7511CBFBE478}.Release|x64.ActiveCfg = Release|Any CPU
		{6E0F1811-A752-478E-97A0-7511CBFBE478}.Release|x64.Build.0 = Release|Any CPU
		{6E0F1811-A752-478E-97A0-7511CBFBE478}.Release|x86.ActiveCfg = Release|Any CPU
		{6E0F1811-A752-478E-97A0-7511CBFBE478}.Release|x86.Build.0 = Release|Any CPU
		{3D9D02A2-15A0-49A6-946A-D0F037796090}.Debug|Any CPU.ActiveCfg = Debug|Any CPU
		{3D9D02A2-15A0-49A6-946A-D0F037796090}.Debug|Any CPU.Build.0 = Debug|Any CPU
		{3D9D02A2-15A0-49A6-946A-D0F037796090}.Debug|x64.ActiveCfg = Debug|Any CPU
		{3D9D02A2-15A0-49A6-946A-D0F037796090}.Debug|x64.Build.0 = Debug|Any CPU
		{3D9D02A2-15A0-49A6-946A-D0F037796090}.Debug|x86.ActiveCfg = Debug|Any CPU
		{3D9D02A2-15A0-49A6-946A-D0F037796090}.Debug|x86.Build.0 = Debug|Any CPU
		{3D9D02A2-15A0-49A6-946A-D0F037796090}.Release|Any CPU.ActiveCfg = Release|Any CPU
		{3D9D02A2-15A0-49A6-946A-D0F037796090}.Release|Any CPU.Build.0 = Release|Any CPU
		{3D9D02A2-15A0-49A6-946A-D0F037796090}.Release|x64.ActiveCfg = Release|Any CPU
		{3D9D02A2-15A0-49A6-946A-D0F037796090}.Release|x64.Build.0 = Release|Any CPU
		{3D9D02A2-15A0-49A6-946A-D0F037796090}.Release|x86.ActiveCfg = Release|Any CPU
		{3D9D02A2-15A0-49A6-946A-D0F037796090}.Release|x86.Build.0 = Release|Any CPU
		{10B58758-E9B9-4FC2-B1CC-F47FDEF35EB1}.Debug|Any CPU.ActiveCfg = Debug|Any CPU
		{10B58758-E9B9-4FC2-B1CC-F47FDEF35EB1}.Debug|Any CPU.Build.0 = Debug|Any CPU
		{10B58758-E9B9-4FC2-B1CC-F47FDEF35EB1}.Debug|x64.ActiveCfg = Debug|Any CPU
		{10B58758-E9B9-4FC2-B1CC-F47FDEF35EB1}.Debug|x64.Build.0 = Debug|Any CPU
		{10B58758-E9B9-4FC2-B1CC-F47FDEF35EB1}.Debug|x86.ActiveCfg = Debug|Any CPU
		{10B58758-E9B9-4FC2-B1CC-F47FDEF35EB1}.Debug|x86.Build.0 = Debug|Any CPU
		{10B58758-E9B9-4FC2-B1CC-F47FDEF35EB1}.Release|Any CPU.ActiveCfg = Release|Any CPU
		{10B58758-E9B9-4FC2-B1CC-F47FDEF35EB1}.Release|Any CPU.Build.0 = Release|Any CPU
		{10B58758-E9B9-4FC2-B1CC-F47FDEF35EB1}.Release|x64.ActiveCfg = Release|Any CPU
		{10B58758-E9B9-4FC2-B1CC-F47FDEF35EB1}.Release|x64.Build.0 = Release|Any CPU
		{10B58758-E9B9-4FC2-B1CC-F47FDEF35EB1}.Release|x86.ActiveCfg = Release|Any CPU
		{10B58758-E9B9-4FC2-B1CC-F47FDEF35EB1}.Release|x86.Build.0 = Release|Any CPU
		{9776C8A6-A7E8-4308-8416-6102615215EB}.Debug|Any CPU.ActiveCfg = Debug|Any CPU
		{9776C8A6-A7E8-4308-8416-6102615215EB}.Debug|Any CPU.Build.0 = Debug|Any CPU
		{9776C8A6-A7E8-4308-8416-6102615215EB}.Debug|x64.ActiveCfg = Debug|Any CPU
		{9776C8A6-A7E8-4308-8416-6102615215EB}.Debug|x64.Build.0 = Debug|Any CPU
		{9776C8A6-A7E8-4308-8416-6102615215EB}.Debug|x86.ActiveCfg = Debug|Any CPU
		{9776C8A6-A7E8-4308-8416-6102615215EB}.Debug|x86.Build.0 = Debug|Any CPU
		{9776C8A6-A7E8-4308-8416-6102615215EB}.Release|Any CPU.ActiveCfg = Release|Any CPU
		{9776C8A6-A7E8-4308-8416-6102615215EB}.Release|Any CPU.Build.0 = Release|Any CPU
		{9776C8A6-A7E8-4308-8416-6102615215EB}.Release|x64.ActiveCfg = Release|Any CPU
		{9776C8A6-A7E8-4308-8416-6102615215EB}.Release|x64.Build.0 = Release|Any CPU
		{9776C8A6-A7E8-4308-8416-6102615215EB}.Release|x86.ActiveCfg = Release|Any CPU
		{9776C8A6-A7E8-4308-8416-6102615215EB}.Release|x86.Build.0 = Release|Any CPU
		{1EB6ADF1-93B5-44DF-A883-0F999D26068C}.Debug|Any CPU.ActiveCfg = Debug|Any CPU
		{1EB6ADF1-93B5-44DF-A883-0F999D26068C}.Debug|Any CPU.Build.0 = Debug|Any CPU
		{1EB6ADF1-93B5-44DF-A883-0F999D26068C}.Debug|x64.ActiveCfg = Debug|Any CPU
		{1EB6ADF1-93B5-44DF-A883-0F999D26068C}.Debug|x64.Build.0 = Debug|Any CPU
		{1EB6ADF1-93B5-44DF-A883-0F999D26068C}.Debug|x86.ActiveCfg = Debug|Any CPU
		{1EB6ADF1-93B5-44DF-A883-0F999D26068C}.Debug|x86.Build.0 = Debug|Any CPU
		{1EB6ADF1-93B5-44DF-A883-0F999D26068C}.Release|Any CPU.ActiveCfg = Release|Any CPU
		{1EB6ADF1-93B5-44DF-A883-0F999D26068C}.Release|Any CPU.Build.0 = Release|Any CPU
		{1EB6ADF1-93B5-44DF-A883-0F999D26068C}.Release|x64.ActiveCfg = Release|Any CPU
		{1EB6ADF1-93B5-44DF-A883-0F999D26068C}.Release|x64.Build.0 = Release|Any CPU
		{1EB6ADF1-93B5-44DF-A883-0F999D26068C}.Release|x86.ActiveCfg = Release|Any CPU
		{1EB6ADF1-93B5-44DF-A883-0F999D26068C}.Release|x86.Build.0 = Release|Any CPU
		{EA99BA9A-3C43-4DC3-B173-44A0A5F7CCED}.Debug|Any CPU.ActiveCfg = Debug|Any CPU
		{EA99BA9A-3C43-4DC3-B173-44A0A5F7CCED}.Debug|Any CPU.Build.0 = Debug|Any CPU
		{EA99BA9A-3C43-4DC3-B173-44A0A5F7CCED}.Debug|x64.ActiveCfg = Debug|Any CPU
		{EA99BA9A-3C43-4DC3-B173-44A0A5F7CCED}.Debug|x64.Build.0 = Debug|Any CPU
		{EA99BA9A-3C43-4DC3-B173-44A0A5F7CCED}.Debug|x86.ActiveCfg = Debug|Any CPU
		{EA99BA9A-3C43-4DC3-B173-44A0A5F7CCED}.Debug|x86.Build.0 = Debug|Any CPU
		{EA99BA9A-3C43-4DC3-B173-44A0A5F7CCED}.Release|Any CPU.ActiveCfg = Release|Any CPU
		{EA99BA9A-3C43-4DC3-B173-44A0A5F7CCED}.Release|Any CPU.Build.0 = Release|Any CPU
		{EA99BA9A-3C43-4DC3-B173-44A0A5F7CCED}.Release|x64.ActiveCfg = Release|Any CPU
		{EA99BA9A-3C43-4DC3-B173-44A0A5F7CCED}.Release|x64.Build.0 = Release|Any CPU
		{EA99BA9A-3C43-4DC3-B173-44A0A5F7CCED}.Release|x86.ActiveCfg = Release|Any CPU
		{EA99BA9A-3C43-4DC3-B173-44A0A5F7CCED}.Release|x86.Build.0 = Release|Any CPU
	EndGlobalSection
	GlobalSection(SolutionProperties) = preSolution
		HideSolutionNode = FALSE
	EndGlobalSection
	GlobalSection(NestedProjects) = preSolution
		{8D626EA8-CB54-BC41-363A-217881BEBA6E} = {827E0CD3-B72D-47B6-A68D-7590B98EB39B}
		{4492E15F-0694-99B9-4B8A-F25E0473C0EC} = {8D626EA8-CB54-BC41-363A-217881BEBA6E}
		{22BAF98C-8415-17C4-B26A-D537657BC863} = {827E0CD3-B72D-47B6-A68D-7590B98EB39B}
		{61848853-0EDF-4CA2-AD88-75EACA64A26A} = {22BAF98C-8415-17C4-B26A-D537657BC863}
		{9048EB7F-3875-A59E-E36B-5BD4C6F2A282} = {827E0CD3-B72D-47B6-A68D-7590B98EB39B}
		{6C817F79-CEC2-4D58-8D74-2412941C66D7} = {9048EB7F-3875-A59E-E36B-5BD4C6F2A282}
		{AF7AF2CD-9104-19EE-A226-75025099E032} = {827E0CD3-B72D-47B6-A68D-7590B98EB39B}
		{6E0F1811-A752-478E-97A0-7511CBFBE478} = {AF7AF2CD-9104-19EE-A226-75025099E032}
		{51B637F8-9C04-5803-F48E-8CB9352021B0} = {827E0CD3-B72D-47B6-A68D-7590B98EB39B}
		{3D9D02A2-15A0-49A6-946A-D0F037796090} = {51B637F8-9C04-5803-F48E-8CB9352021B0}
		{6A13FA0C-B691-34A7-4688-DE9C8ED8C8C8} = {07C2787E-EAC7-C090-1BA3-A61EC2A24D84}
		{10B58758-E9B9-4FC2-B1CC-F47FDEF35EB1} = {6A13FA0C-B691-34A7-4688-DE9C8ED8C8C8}
		{9776C8A6-A7E8-4308-8416-6102615215EB} = {0AB3BF05-4346-4AA6-1389-037BE0695223}
		{1EB6ADF1-93B5-44DF-A883-0F999D26068C} = {0AB3BF05-4346-4AA6-1389-037BE0695223}
		{C3EBCCAA-2D79-A610-D579-C0A3E658D679} = {07C2787E-EAC7-C090-1BA3-A61EC2A24D84}
		{EA99BA9A-3C43-4DC3-B173-44A0A5F7CCED} = {C3EBCCAA-2D79-A610-D579-C0A3E658D679}
	EndGlobalSection
	GlobalSection(ExtensibilityGlobals) = postSolution
		SolutionGuid = {6BE26F2B-1392-4B50-BBA6-5908650A5D81}
	EndGlobalSection
EndGlobal
